
Microsoft Visual Studio Solution File, Format Version 12.00
# Visual Studio Version 16
VisualStudioVersion = 16.0.29306.81
MinimumVisualStudioVersion = 10.0.40219.1
Project("{FAE04EC0-301F-11D3-BF4B-00C04F79EFBC}") = "WebApiApp", "WebApiApp\WebApiApp.csproj", "{98D92342-3C86-404E-B315-96F516D8C0F3}"
EndProject
Project("{FAE04EC0-301F-11D3-BF4B-00C04F79EFBC}") = "WebApiApp.Tests", "WebApiApp.Tests\WebApiApp.Tests.csproj", "{E03D6DD0-8844-4545-86C6-EFF74C271E67}"
EndProject
Project("{FAE04EC0-301F-11D3-BF4B-00C04F79EFBC}") = "WebApiApp.DAL", "WebApiApp.DAL\WebApiApp.DAL.csproj", "{29B21C57-3BAC-4780-9426-20C570DC8155}"
EndProject
Project("{FAE04EC0-301F-11D3-BF4B-00C04F79EFBC}") = "WebApiApp.Console", "WebApiApp.Console\WebApiApp.Console.csproj", "{50425DC1-584C-44C0-86BE-C4DC7CEBF9A9}"
EndProject
Project("{FAE04EC0-301F-11D3-BF4B-00C04F79EFBC}") = "WebApiApp.BOL", "WebApiApp.BOL\WebApiApp.BOL.csproj", "{09CA4B0E-0425-49B3-800E-1457B6339B1C}"
EndProject
Project("{FAE04EC0-301F-11D3-BF4B-00C04F79EFBC}") = "GenericRepository", "GenericRepository\GenericRepository.csproj", "{B8791DAF-74FF-4F87-A3BF-E4DEB3BE6BE4}"
EndProject
Project("{FAE04EC0-301F-11D3-BF4B-00C04F79EFBC}") = "WebApiApp.BOL.Service", "WebApiApp.BOL.Service\WebApiApp.BOL.Service.csproj", "{62F37D93-D3FB-480B-BDBC-6B4FD5CEA6F8}"
EndProject
Global
	GlobalSection(SolutionConfigurationPlatforms) = preSolution
		Debug|Any CPU = Debug|Any CPU
		Release|Any CPU = Release|Any CPU
	EndGlobalSection
	GlobalSection(ProjectConfigurationPlatforms) = postSolution
		{98D92342-3C86-404E-B315-96F516D8C0F3}.Debug|Any CPU.ActiveCfg = Debug|Any CPU
		{98D92342-3C86-404E-B315-96F516D8C0F3}.Debug|Any CPU.Build.0 = Debug|Any CPU
		{98D92342-3C86-404E-B315-96F516D8C0F3}.Release|Any CPU.ActiveCfg = Release|Any CPU
		{98D92342-3C86-404E-B315-96F516D8C0F3}.Release|Any CPU.Build.0 = Release|Any CPU
		{E03D6DD0-8844-4545-86C6-EFF74C271E67}.Debug|Any CPU.ActiveCfg = Debug|Any CPU
		{E03D6DD0-8844-4545-86C6-EFF74C271E67}.Debug|Any CPU.Build.0 = Debug|Any CPU
		{E03D6DD0-8844-4545-86C6-EFF74C271E67}.Release|Any CPU.ActiveCfg = Release|Any CPU
		{E03D6DD0-8844-4545-86C6-EFF74C271E67}.Release|Any CPU.Build.0 = Release|Any CPU
		{29B21C57-3BAC-4780-9426-20C570DC8155}.Debug|Any CPU.ActiveCfg = Debug|Any CPU
		{29B21C57-3BAC-4780-9426-20C570DC8155}.Debug|Any CPU.Build.0 = Debug|Any CPU
		{29B21C57-3BAC-4780-9426-20C570DC8155}.Release|Any CPU.ActiveCfg = Release|Any CPU
		{29B21C57-3BAC-4780-9426-20C570DC8155}.Release|Any CPU.Build.0 = Release|Any CPU
		{50425DC1-584C-44C0-86BE-C4DC7CEBF9A9}.Debug|Any CPU.ActiveCfg = Debug|Any CPU
		{50425DC1-584C-44C0-86BE-C4DC7CEBF9A9}.Debug|Any CPU.Build.0 = Debug|Any CPU
		{50425DC1-584C-44C0-86BE-C4DC7CEBF9A9}.Release|Any CPU.ActiveCfg = Release|Any CPU
		{50425DC1-584C-44C0-86BE-C4DC7CEBF9A9}.Release|Any CPU.Build.0 = Release|Any CPU
		{09CA4B0E-0425-49B3-800E-1457B6339B1C}.Debug|Any CPU.ActiveCfg = Debug|Any CPU
		{09CA4B0E-0425-49B3-800E-1457B6339B1C}.Debug|Any CPU.Build.0 = Debug|Any CPU
		{09CA4B0E-0425-49B3-800E-1457B6339B1C}.Release|Any CPU.ActiveCfg = Release|Any CPU
		{09CA4B0E-0425-49B3-800E-1457B6339B1C}.Release|Any CPU.Build.0 = Release|Any CPU
		{B8791DAF-74FF-4F87-A3BF-E4DEB3BE6BE4}.Debug|Any CPU.ActiveCfg = Debug|Any CPU
		{B8791DAF-74FF-4F87-A3BF-E4DEB3BE6BE4}.Debug|Any CPU.Build.0 = Debug|Any CPU
		{B8791DAF-74FF-4F87-A3BF-E4DEB3BE6BE4}.Release|Any CPU.ActiveCfg = Release|Any CPU
		{B8791DAF-74FF-4F87-A3BF-E4DEB3BE6BE4}.Release|Any CPU.Build.0 = Release|Any CPU
		{62F37D93-D3FB-480B-BDBC-6B4FD5CEA6F8}.Debug|Any CPU.ActiveCfg = Debug|Any CPU
		{62F37D93-D3FB-480B-BDBC-6B4FD5CEA6F8}.Debug|Any CPU.Build.0 = Debug|Any CPU
		{62F37D93-D3FB-480B-BDBC-6B4FD5CEA6F8}.Release|Any CPU.ActiveCfg = Release|Any CPU
		{62F37D93-D3FB-480B-BDBC-6B4FD5CEA6F8}.Release|Any CPU.Build.0 = Release|Any CPU
	EndGlobalSection
	GlobalSection(SolutionProperties) = preSolution
		HideSolutionNode = FALSE
	EndGlobalSection
	GlobalSection(ExtensibilityGlobals) = postSolution
		SolutionGuid = {9B2EC572-59A7-4BFD-B21E-D1CA0F6F3A33}
	EndGlobalSection
EndGlobal
